
Microsoft Visual Studio Solution File, Format Version 12.00
Project("{FAE04EC0-301F-11D3-BF4B-00C04F79EFBC}") = "FluentAurora", "source\FluentAurora\FluentAurora.csproj", "{C565775E-0DF2-4876-8251-B1146E9CCC88}"
EndProject
Project("{FAE04EC0-301F-11D3-BF4B-00C04F79EFBC}") = "FluentAurora.Core", "source\FluentAurora.Core\FluentAurora.Core.csproj", "{9B57F645-10FC-4C2C-87D7-252C10913B6B}"
EndProject
Project("{FAE04EC0-301F-11D3-BF4B-00C04F79EFBC}") = "FluentAurora.Tests", "tests\FluentAurora.Tests\FluentAurora.Tests.csproj", "{9F08CB9A-FE39-459E-A3AB-91315747DD2C}"
EndProject
Global
	GlobalSection(SolutionConfigurationPlatforms) = preSolution
		Debug|Any CPU = Debug|Any CPU
		Release|Any CPU = Release|Any CPU
	EndGlobalSection
	GlobalSection(ProjectConfigurationPlatforms) = postSolution
		{C565775E-0DF2-4876-8251-B1146E9CCC88}.Debug|Any CPU.ActiveCfg = Debug|Any CPU
		{C565775E-0DF2-4876-8251-B1146E9CCC88}.Debug|Any CPU.Build.0 = Debug|Any CPU
		{C565775E-0DF2-4876-8251-B1146E9CCC88}.Release|Any CPU.ActiveCfg = Release|Any CPU
		{C565775E-0DF2-4876-8251-B1146E9CCC88}.Release|Any CPU.Build.0 = Release|Any CPU
		{9B57F645-10FC-4C2C-87D7-252C10913B6B}.Debug|Any CPU.ActiveCfg = Debug|Any CPU
		{9B57F645-10FC-4C2C-87D7-252C10913B6B}.Debug|Any CPU.Build.0 = Debug|Any CPU
		{9B57F645-10FC-4C2C-87D7-252C10913B6B}.Release|Any CPU.ActiveCfg = Release|Any CPU
		{9B57F645-10FC-4C2C-87D7-252C10913B6B}.Release|Any CPU.Build.0 = Release|Any CPU
		{9F08CB9A-FE39-459E-A3AB-91315747DD2C}.Debug|Any CPU.ActiveCfg = Debug|Any CPU
		{9F08CB9A-FE39-459E-A3AB-91315747DD2C}.Debug|Any CPU.Build.0 = Debug|Any CPU
		{9F08CB9A-FE39-459E-A3AB-91315747DD2C}.Release|Any CPU.ActiveCfg = Release|Any CPU
		{9F08CB9A-FE39-459E-A3AB-91315747DD2C}.Release|Any CPU.Build.0 = Release|Any CPU
	EndGlobalSection
EndGlobal
